// !$*UTF8*$!
{
	archiveVersion = 1;
	classes = {
	};
	objectVersion = 50;
	objects = {

/* Begin PBXBuildFile section */
		49343F67211D3309007FC853 /* AppDelegate.m in Sources */ = {isa = PBXBuildFile; fileRef = 49343F66211D3309007FC853 /* AppDelegate.m */; };
		49343F6A211D3309007FC853 /* ViewController.m in Sources */ = {isa = PBXBuildFile; fileRef = 49343F69211D3309007FC853 /* ViewController.m */; };
		49343F6D211D3309007FC853 /* Main.storyboard in Resources */ = {isa = PBXBuildFile; fileRef = 49343F6B211D3309007FC853 /* Main.storyboard */; };
		49343F6F211D3309007FC853 /* Assets.xcassets in Resources */ = {isa = PBXBuildFile; fileRef = 49343F6E211D3309007FC853 /* Assets.xcassets */; };
		49343F72211D3309007FC853 /* LaunchScreen.storyboard in Resources */ = {isa = PBXBuildFile; fileRef = 49343F70211D3309007FC853 /* LaunchScreen.storyboard */; };
		49343F75211D3309007FC853 /* main.m in Sources */ = {isa = PBXBuildFile; fileRef = 49343F74211D3309007FC853 /* main.m */; };
		49343F7F211D3309007FC853 /* SceneKitDemoTests.m in Sources */ = {isa = PBXBuildFile; fileRef = 49343F7E211D3309007FC853 /* SceneKitDemoTests.m */; };
		49343F8A211D3309007FC853 /* SceneKitDemoUITests.m in Sources */ = {isa = PBXBuildFile; fileRef = 49343F89211D3309007FC853 /* SceneKitDemoUITests.m */; };
		49343F98211D3329007FC853 /* man1.obj in Resources */ = {isa = PBXBuildFile; fileRef = 49343F97211D3329007FC853 /* man1.obj */; };
/* End PBXBuildFile section */

/* Begin PBXContainerItemProxy section */
		49343F7B211D3309007FC853 /* PBXContainerItemProxy */ = {
			isa = PBXContainerItemProxy;
			containerPortal = 49343F5A211D3309007FC853 /* Project object */;
			proxyType = 1;
			remoteGlobalIDString = 49343F61211D3309007FC853;
			remoteInfo = SceneKitDemo;
		};
		49343F86211D3309007FC853 /* PBXContainerItemProxy */ = {
			isa = PBXContainerItemProxy;
			containerPortal = 49343F5A211D3309007FC853 /* Project object */;
			proxyType = 1;
			remoteGlobalIDString = 49343F61211D3309007FC853;
			remoteInfo = SceneKitDemo;
		};
/* End PBXContainerItemProxy section */

/* Begin PBXFileReference section */
		49343F62211D3309007FC853 /* SceneKitDemo.app */ = {isa = PBXFileReference; explicitFileType = wrapper.application; includeInIndex = 0; path = SceneKitDemo.app; sourceTree = BUILT_PRODUCTS_DIR; };
		49343F65211D3309007FC853 /* AppDelegate.h */ = {isa = PBXFileReference; lastKnownFileType = sourcecode.c.h; path = AppDelegate.h; sourceTree = "<group>"; };
		49343F66211D3309007FC853 /* AppDelegate.m */ = {isa = PBXFileReference; lastKnownFileType = sourcecode.c.objc; path = AppDelegate.m; sourceTree = "<group>"; };
		49343F68211D3309007FC853 /* ViewController.h */ = {isa = PBXFileReference; lastKnownFileType = sourcecode.c.h; path = ViewController.h; sourceTree = "<group>"; };
		49343F69211D3309007FC853 /* ViewController.m */ = {isa = PBXFileReference; lastKnownFileType = sourcecode.c.objc; path = ViewController.m; sourceTree = "<group>"; };
		49343F6C211D3309007FC853 /* Base */ = {isa = PBXFileReference; lastKnownFileType = file.storyboard; name = Base; path = Base.lproj/Main.storyboard; sourceTree = "<group>"; };
		49343F6E211D3309007FC853 /* Assets.xcassets */ = {isa = PBXFileReference; lastKnownFileType = folder.assetcatalog; path = Assets.xcassets; sourceTree = "<group>"; };
		49343F71211D3309007FC853 /* Base */ = {isa = PBXFileReference; lastKnownFileType = file.storyboard; name = Base; path = Base.lproj/LaunchScreen.storyboard; sourceTree = "<group>"; };
		49343F73211D3309007FC853 /* Info.plist */ = {isa = PBXFileReference; lastKnownFileType = text.plist.xml; path = Info.plist; sourceTree = "<group>"; };
		49343F74211D3309007FC853 /* main.m */ = {isa = PBXFileReference; lastKnownFileType = sourcecode.c.objc; path = main.m; sourceTree = "<group>"; };
		49343F7A211D3309007FC853 /* SceneKitDemoTests.xctest */ = {isa = PBXFileReference; explicitFileType = wrapper.cfbundle; includeInIndex = 0; path = SceneKitDemoTests.xctest; sourceTree = BUILT_PRODUCTS_DIR; };
		49343F7E211D3309007FC853 /* SceneKitDemoTests.m */ = {isa = PBXFileReference; lastKnownFileType = sourcecode.c.objc; path = SceneKitDemoTests.m; sourceTree = "<group>"; };
		49343F80211D3309007FC853 /* Info.plist */ = {isa = PBXFileReference; lastKnownFileType = text.plist.xml; path = Info.plist; sourceTree = "<group>"; };
		49343F85211D3309007FC853 /* SceneKitDemoUITests.xctest */ = {isa = PBXFileReference; explicitFileType = wrapper.cfbundle; includeInIndex = 0; path = SceneKitDemoUITests.xctest; sourceTree = BUILT_PRODUCTS_DIR; };
		49343F89211D3309007FC853 /* SceneKitDemoUITests.m */ = {isa = PBXFileReference; lastKnownFileType = sourcecode.c.objc; path = SceneKitDemoUITests.m; sourceTree = "<group>"; };
		49343F8B211D3309007FC853 /* Info.plist */ = {isa = PBXFileReference; lastKnownFileType = text.plist.xml; path = Info.plist; sourceTree = "<group>"; };
		49343F97211D3329007FC853 /* man1.obj */ = {isa = PBXFileReference; fileEncoding = 4; lastKnownFileType = text; path = man1.obj; sourceTree = "<group>"; };
/* End PBXFileReference section */

/* Begin PBXFrameworksBuildPhase section */
		49343F5F211D3309007FC853 /* Frameworks */ = {
			isa = PBXFrameworksBuildPhase;
			buildActionMask = 2147483647;
			files = (
			);
			runOnlyForDeploymentPostprocessing = 0;
		};
		49343F77211D3309007FC853 /* Frameworks */ = {
			isa = PBXFrameworksBuildPhase;
			buildActionMask = 2147483647;
			files = (
			);
			runOnlyForDeploymentPostprocessing = 0;
		};
		49343F82211D3309007FC853 /* Frameworks */ = {
			isa = PBXFrameworksBuildPhase;
			buildActionMask = 2147483647;
			files = (
			);
			runOnlyForDeploymentPostprocessing = 0;
		};
/* End PBXFrameworksBuildPhase section */

/* Begin PBXGroup section */
		49343F59211D3309007FC853 = {
			isa = PBXGroup;
			children = (
				49343F64211D3309007FC853 /* SceneKitDemo */,
				49343F7D211D3309007FC853 /* SceneKitDemoTests */,
				49343F88211D3309007FC853 /* SceneKitDemoUITests */,
				49343F63211D3309007FC853 /* Products */,
			);
			sourceTree = "<group>";
		};
		49343F63211D3309007FC853 /* Products */ = {
			isa = PBXGroup;
			children = (
				49343F62211D3309007FC853 /* SceneKitDemo.app */,
				49343F7A211D3309007FC853 /* SceneKitDemoTests.xctest */,
				49343F85211D3309007FC853 /* SceneKitDemoUITests.xctest */,
			);
			name = Products;
			sourceTree = "<group>";
		};
		49343F64211D3309007FC853 /* SceneKitDemo */ = {
			isa = PBXGroup;
			children = (
				49343F97211D3329007FC853 /* man1.obj */,
				49343F65211D3309007FC853 /* AppDelegate.h */,
				49343F66211D3309007FC853 /* AppDelegate.m */,
				49343F68211D3309007FC853 /* ViewController.h */,
				49343F69211D3309007FC853 /* ViewController.m */,
				49343F6B211D3309007FC853 /* Main.storyboard */,
				49343F6E211D3309007FC853 /* Assets.xcassets */,
				49343F70211D3309007FC853 /* LaunchScreen.storyboard */,
				49343F73211D3309007FC853 /* Info.plist */,
				49343F74211D3309007FC853 /* main.m */,
			);
			path = SceneKitDemo;
			sourceTree = "<group>";
		};
		49343F7D211D3309007FC853 /* SceneKitDemoTests */ = {
			isa = PBXGroup;
			children = (
				49343F7E211D3309007FC853 /* SceneKitDemoTests.m */,
				49343F80211D3309007FC853 /* Info.plist */,
			);
			path = SceneKitDemoTests;
			sourceTree = "<group>";
		};
		49343F88211D3309007FC853 /* SceneKitDemoUITests */ = {
			isa = PBXGroup;
			children = (
				49343F89211D3309007FC853 /* SceneKitDemoUITests.m */,
				49343F8B211D3309007FC853 /* Info.plist */,
			);
			path = SceneKitDemoUITests;
			sourceTree = "<group>";
		};
/* End PBXGroup section */

/* Begin PBXNativeTarget section */
		49343F61211D3309007FC853 /* SceneKitDemo */ = {
			isa = PBXNativeTarget;
			buildConfigurationList = 49343F8E211D3309007FC853 /* Build configuration list for PBXNativeTarget "SceneKitDemo" */;
			buildPhases = (
				49343F5E211D3309007FC853 /* Sources */,
				49343F5F211D3309007FC853 /* Frameworks */,
				49343F60211D3309007FC853 /* Resources */,
			);
			buildRules = (
			);
			dependencies = (
			);
			name = SceneKitDemo;
			productName = SceneKitDemo;
			productReference = 49343F62211D3309007FC853 /* SceneKitDemo.app */;
			productType = "com.apple.product-type.application";
		};
		49343F79211D3309007FC853 /* SceneKitDemoTests */ = {
			isa = PBXNativeTarget;
			buildConfigurationList = 49343F91211D3309007FC853 /* Build configuration list for PBXNativeTarget "SceneKitDemoTests" */;
			buildPhases = (
				49343F76211D3309007FC853 /* Sources */,
				49343F77211D3309007FC853 /* Frameworks */,
				49343F78211D3309007FC853 /* Resources */,
			);
			buildRules = (
			);
			dependencies = (
				49343F7C211D3309007FC853 /* PBXTargetDependency */,
			);
			name = SceneKitDemoTests;
			productName = SceneKitDemoTests;
			productReference = 49343F7A211D3309007FC853 /* SceneKitDemoTests.xctest */;
			productType = "com.apple.product-type.bundle.unit-test";
		};
		49343F84211D3309007FC853 /* SceneKitDemoUITests */ = {
			isa = PBXNativeTarget;
			buildConfigurationList = 49343F94211D3309007FC853 /* Build configuration list for PBXNativeTarget "SceneKitDemoUITests" */;
			buildPhases = (
				49343F81211D3309007FC853 /* Sources */,
				49343F82211D3309007FC853 /* Frameworks */,
				49343F83211D3309007FC853 /* Resources */,
			);
			buildRules = (
			);
			dependencies = (
				49343F87211D3309007FC853 /* PBXTargetDependency */,
			);
			name = SceneKitDemoUITests;
			productName = SceneKitDemoUITests;
			productReference = 49343F85211D3309007FC853 /* SceneKitDemoUITests.xctest */;
			productType = "com.apple.product-type.bundle.ui-testing";
		};
/* End PBXNativeTarget section */

/* Begin PBXProject section */
		49343F5A211D3309007FC853 /* Project object */ = {
			isa = PBXProject;
			attributes = {
				LastUpgradeCheck = 0930;
				ORGANIZATIONNAME = "小华";
				TargetAttributes = {
					49343F61211D3309007FC853 = {
						CreatedOnToolsVersion = 9.3.1;
					};
					49343F79211D3309007FC853 = {
						CreatedOnToolsVersion = 9.3.1;
						TestTargetID = 49343F61211D3309007FC853;
					};
					49343F84211D3309007FC853 = {
						CreatedOnToolsVersion = 9.3.1;
						TestTargetID = 49343F61211D3309007FC853;
					};
				};
			};
			buildConfigurationList = 49343F5D211D3309007FC853 /* Build configuration list for PBXProject "SceneKitDemo" */;
			compatibilityVersion = "Xcode 9.3";
			developmentRegion = en;
			hasScannedForEncodings = 0;
			knownRegions = (
				en,
				Base,
			);
			mainGroup = 49343F59211D3309007FC853;
			productRefGroup = 49343F63211D3309007FC853 /* Products */;
			projectDirPath = "";
			projectRoot = "";
			targets = (
				49343F61211D3309007FC853 /* SceneKitDemo */,
				49343F79211D3309007FC853 /* SceneKitDemoTests */,
				49343F84211D3309007FC853 /* SceneKitDemoUITests */,
			);
		};
/* End PBXProject section */

/* Begin PBXResourcesBuildPhase section */
		49343F60211D3309007FC853 /* Resources */ = {
			isa = PBXResourcesBuildPhase;
			buildActionMask = 2147483647;
			files = (
				49343F72211D3309007FC853 /* LaunchScreen.storyboard in Resources */,
				49343F6F211D3309007FC853 /* Assets.xcassets in Resources */,
				49343F98211D3329007FC853 /* man1.obj in Resources */,
				49343F6D211D3309007FC853 /* Main.storyboard in Resources */,
			);
			runOnlyForDeploymentPostprocessing = 0;
		};
		49343F78211D3309007FC853 /* Resources */ = {
			isa = PBXResourcesBuildPhase;
			buildActionMask = 2147483647;
			files = (
			);
			runOnlyForDeploymentPostprocessing = 0;
		};
		49343F83211D3309007FC853 /* Resources */ = {
			isa = PBXResourcesBuildPhase;
			buildActionMask = 2147483647;
			files = (
			);
			runOnlyForDeploymentPostprocessing = 0;
		};
/* End PBXResourcesBuildPhase section */

/* Begin PBXSourcesBuildPhase section */
		49343F5E211D3309007FC853 /* Sources */ = {
			isa = PBXSourcesBuildPhase;
			buildActionMask = 2147483647;
			files = (
				49343F6A211D3309007FC853 /* ViewController.m in Sources */,
				49343F75211D3309007FC853 /* main.m in Sources */,
				49343F67211D3309007FC853 /* AppDelegate.m in Sources */,
			);
			runOnlyForDeploymentPostprocessing = 0;
		};
		49343F76211D3309007FC853 /* Sources */ = {
			isa = PBXSourcesBuildPhase;
			buildActionMask = 2147483647;
			files = (
				49343F7F211D3309007FC853 /* SceneKitDemoTests.m in Sources */,
			);
			runOnlyForDeploymentPostprocessing = 0;
		};
		49343F81211D3309007FC853 /* Sources */ = {
			isa = PBXSourcesBuildPhase;
			buildActionMask = 2147483647;
			files = (
				49343F8A211D3309007FC853 /* SceneKitDemoUITests.m in Sources */,
			);
			runOnlyForDeploymentPostprocessing = 0;
		};
/* End PBXSourcesBuildPhase section */

/* Begin PBXTargetDependency section */
		49343F7C211D3309007FC853 /* PBXTargetDependency */ = {
			isa = PBXTargetDependency;
			target = 49343F61211D3309007FC853 /* SceneKitDemo */;
			targetProxy = 49343F7B211D3309007FC853 /* PBXContainerItemProxy */;
		};
		49343F87211D3309007FC853 /* PBXTargetDependency */ = {
			isa = PBXTargetDependency;
			target = 49343F61211D3309007FC853 /* SceneKitDemo */;
			targetProxy = 49343F86211D3309007FC853 /* PBXContainerItemProxy */;
		};
/* End PBXTargetDependency section */

/* Begin PBXVariantGroup section */
		49343F6B211D3309007FC853 /* Main.storyboard */ = {
			isa = PBXVariantGroup;
			children = (
				49343F6C211D3309007FC853 /* Base */,
			);
			name = Main.storyboard;
			sourceTree = "<group>";
		};
		49343F70211D3309007FC853 /* LaunchScreen.storyboard */ = {
			isa = PBXVariantGroup;
			children = (
				49343F71211D3309007FC853 /* Base */,
			);
			name = LaunchScreen.storyboard;
			sourceTree = "<group>";
		};
/* End PBXVariantGroup section */

/* Begin XCBuildConfiguration section */
		49343F8C211D3309007FC853 /* Debug */ = {
			isa = XCBuildConfiguration;
			buildSettings = {
				ALWAYS_SEARCH_USER_PATHS = NO;
				CLANG_ANALYZER_NONNULL = YES;
				CLANG_ANALYZER_NUMBER_OBJECT_CONVERSION = YES_AGGRESSIVE;
				CLANG_CXX_LANGUAGE_STANDARD = "gnu++14";
				CLANG_CXX_LIBRARY = "libc++";
				CLANG_ENABLE_MODULES = YES;
				CLANG_ENABLE_OBJC_ARC = YES;
				CLANG_ENABLE_OBJC_WEAK = YES;
				CLANG_WARN_BLOCK_CAPTURE_AUTORELEASING = YES;
				CLANG_WARN_BOOL_CONVERSION = YES;
				CLANG_WARN_COMMA = YES;
				CLANG_WARN_CONSTANT_CONVERSION = YES;
				CLANG_WARN_DEPRECATED_OBJC_IMPLEMENTATIONS = YES;
				CLANG_WARN_DIRECT_OBJC_ISA_USAGE = YES_ERROR;
				CLANG_WARN_DOCUMENTATION_COMMENTS = YES;
				CLANG_WARN_EMPTY_BODY = YES;
				CLANG_WARN_ENUM_CONVERSION = YES;
				CLANG_WARN_INFINITE_RECURSION = YES;
				CLANG_WARN_INT_CONVERSION = YES;
				CLANG_WARN_NON_LITERAL_NULL_CONVERSION = YES;
				CLANG_WARN_OBJC_IMPLICIT_RETAIN_SELF = YES;
				CLANG_WARN_OBJC_LITERAL_CONVERSION = YES;
				CLANG_WARN_OBJC_ROOT_CLASS = YES_ERROR;
				CLANG_WARN_RANGE_LOOP_ANALYSIS = YES;
				CLANG_WARN_STRICT_PROTOTYPES = YES;
				CLANG_WARN_SUSPICIOUS_MOVE = YES;
				CLANG_WARN_UNGUARDED_AVAILABILITY = YES_AGGRESSIVE;
				CLANG_WARN_UNREACHABLE_CODE = YES;
				CLANG_WARN__DUPLICATE_METHOD_MATCH = YES;
				CODE_SIGN_IDENTITY = "iPhone Developer";
				COPY_PHASE_STRIP = NO;
				DEBUG_INFORMATION_FORMAT = dwarf;
				ENABLE_STRICT_OBJC_MSGSEND = YES;
				ENABLE_TESTABILITY = YES;
				GCC_C_LANGUAGE_STANDARD = gnu11;
				GCC_DYNAMIC_NO_PIC = NO;
				GCC_NO_COMMON_BLOCKS = YES;
				GCC_OPTIMIZATION_LEVEL = 0;
				GCC_PREPROCESSOR_DEFINITIONS = (
					"DEBUG=1",
					"$(inherited)",
				);
				GCC_WARN_64_TO_32_BIT_CONVERSION = YES;
				GCC_WARN_ABOUT_RETURN_TYPE = YES_ERROR;
				GCC_WARN_UNDECLARED_SELECTOR = YES;
				GCC_WARN_UNINITIALIZED_AUTOS = YES_AGGRESSIVE;
				GCC_WARN_UNUSED_FUNCTION = YES;
				GCC_WARN_UNUSED_VARIABLE = YES;
				IPHONEOS_DEPLOYMENT_TARGET = 11.3;
				MTL_ENABLE_DEBUG_INFO = YES;
				ONLY_ACTIVE_ARCH = YES;
				SDKROOT = iphoneos;
			};
			name = Debug;
		};
		49343F8D211D3309007FC853 /* Release */ = {
			isa = XCBuildConfiguration;
			buildSettings = {
				ALWAYS_SEARCH_USER_PATHS = NO;
				CLANG_ANALYZER_NONNULL = YES;
				CLANG_ANALYZER_NUMBER_OBJECT_CONVERSION = YES_AGGRESSIVE;
				CLANG_CXX_LANGUAGE_STANDARD = "gnu++14";
				CLANG_CXX_LIBRARY = "libc++";
				CLANG_ENABLE_MODULES = YES;
				CLANG_ENABLE_OBJC_ARC = YES;
				CLANG_ENABLE_OBJC_WEAK = YES;
				CLANG_WARN_BLOCK_CAPTURE_AUTORELEASING = YES;
				CLANG_WARN_BOOL_CONVERSION = YES;
				CLANG_WARN_COMMA = YES;
				CLANG_WARN_CONSTANT_CONVERSION = YES;
				CLANG_WARN_DEPRECATED_OBJC_IMPLEMENTATIONS = YES;
				CLANG_WARN_DIRECT_OBJC_ISA_USAGE = YES_ERROR;
				CLANG_WARN_DOCUMENTATION_COMMENTS = YES;
				CLANG_WARN_EMPTY_BODY = YES;
				CLANG_WARN_ENUM_CONVERSION = YES;
				CLANG_WARN_INFINITE_RECURSION = YES;
				CLANG_WARN_INT_CONVERSION = YES;
				CLANG_WARN_NON_LITERAL_NULL_CONVERSION = YES;
				CLANG_WARN_OBJC_IMPLICIT_RETAIN_SELF = YES;
				CLANG_WARN_OBJC_LITERAL_CONVERSION = YES;
				CLANG_WARN_OBJC_ROOT_CLASS = YES_ERROR;
				CLANG_WARN_RANGE_LOOP_ANALYSIS = YES;
				CLANG_WARN_STRICT_PROTOTYPES = YES;
				CLANG_WARN_SUSPICIOUS_MOVE = YES;
				CLANG_WARN_UNGUARDED_AVAILABILITY = YES_AGGRESSIVE;
				CLANG_WARN_UNREACHABLE_CODE = YES;
				CLANG_WARN__DUPLICATE_METHOD_MATCH = YES;
				CODE_SIGN_IDENTITY = "iPhone Developer";
				COPY_PHASE_STRIP = NO;
				DEBUG_INFORMATION_FORMAT = "dwarf-with-dsym";
				ENABLE_NS_ASSERTIONS = NO;
				ENABLE_STRICT_OBJC_MSGSEND = YES;
				GCC_C_LANGUAGE_STANDARD = gnu11;
				GCC_NO_COMMON_BLOCKS = YES;
				GCC_WARN_64_TO_32_BIT_CONVERSION = YES;
				GCC_WARN_ABOUT_RETURN_TYPE = YES_ERROR;
				GCC_WARN_UNDECLARED_SELECTOR = YES;
				GCC_WARN_UNINITIALIZED_AUTOS = YES_AGGRESSIVE;
				GCC_WARN_UNUSED_FUNCTION = YES;
				GCC_WARN_UNUSED_VARIABLE = YES;
				IPHONEOS_DEPLOYMENT_TARGET = 11.3;
				MTL_ENABLE_DEBUG_INFO = NO;
				SDKROOT = iphoneos;
				VALIDATE_PRODUCT = YES;
			};
			name = Release;
		};
		49343F8F211D3309007FC853 /* Debug */ = {
			isa = XCBuildConfiguration;
			buildSettings = {
				ASSETCATALOG_COMPILER_APPICON_NAME = AppIcon;
				CODE_SIGN_STYLE = Automatic;
				DEVELOPMENT_TEAM = APWQ5L9FQ3;
				INFOPLIST_FILE = SceneKitDemo/Info.plist;
				IPHONEOS_DEPLOYMENT_TARGET = 9.0;
				LD_RUNPATH_SEARCH_PATHS = (
					"$(inherited)",
					"@executable_path/Frameworks",
				);
				PRODUCT_BUNDLE_IDENTIFIER = cn.youxinger.SceneKitDemo;
				PRODUCT_NAME = "$(TARGET_NAME)";
				TARGETED_DEVICE_FAMILY = "1,2";
			};
			name = Debug;
		};
		49343F90211D3309007FC853 /* Release */ = {
			isa = XCBuildConfiguration;
			buildSettings = {
				ASSETCATALOG_COMPILER_APPICON_NAME = AppIcon;
				CODE_SIGN_STYLE = Automatic;
				DEVELOPMENT_TEAM = APWQ5L9FQ3;
				INFOPLIST_FILE = SceneKitDemo/Info.plist;
				IPHONEOS_DEPLOYMENT_TARGET = 9.0;
				LD_RUNPATH_SEARCH_PATHS = (
					"$(inherited)",
					"@executable_path/Frameworks",
				);
				PRODUCT_BUNDLE_IDENTIFIER = cn.youxinger.SceneKitDemo;
				PRODUCT_NAME = "$(TARGET_NAME)";
				TARGETED_DEVICE_FAMILY = "1,2";
			};
			name = Release;
		};
		49343F92211D3309007FC853 /* Debug */ = {
			isa = XCBuildConfiguration;
			buildSettings = {
				BUNDLE_LOADER = "$(TEST_HOST)";
				CODE_SIGN_STYLE = Automatic;
				INFOPLIST_FILE = SceneKitDemoTests/Info.plist;
				LD_RUNPATH_SEARCH_PATHS = (
					"$(inherited)",
					"@executable_path/Frameworks",
					"@loader_path/Frameworks",
				);
				PRODUCT_BUNDLE_IDENTIFIER = cn.youxinger.SceneKitDemoTests;
				PRODUCT_NAME = "$(TARGET_NAME)";
				TARGETED_DEVICE_FAMILY = "1,2";
				TEST_HOST = "$(BUILT_PRODUCTS_DIR)/SceneKitDemo.app/SceneKitDemo";
			};
			name = Debug;
		};
		49343F93211D3309007FC853 /* Release */ = {
			isa = XCBuildConfiguration;
			buildSettings = {
				BUNDLE_LOADER = "$(TEST_HOST)";
				CODE_SIGN_STYLE = Automatic;
				INFOPLIST_FILE = SceneKitDemoTests/Info.plist;
				LD_RUNPATH_SEARCH_PATHS = (
					"$(inherited)",
					"@executable_path/Frameworks",
					"@loader_path/Frameworks",
				);
				PRODUCT_BUNDLE_IDENTIFIER = cn.youxinger.SceneKitDemoTests;
				PRODUCT_NAME = "$(TARGET_NAME)";
				TARGETED_DEVICE_FAMILY = "1,2";
				TEST_HOST = "$(BUILT_PRODUCTS_DIR)/SceneKitDemo.app/SceneKitDemo";
			};
			name = Release;
		};
		49343F95211D3309007FC853 /* Debug */ = {
			isa = XCBuildConfiguration;
			buildSettings = {
				CODE_SIGN_STYLE = Automatic;
				INFOPLIST_FILE = SceneKitDemoUITests/Info.plist;
				LD_RUNPATH_SEARCH_PATHS = (
					"$(inherited)",
					"@executable_path/Frameworks",
					"@loader_path/Frameworks",
				);
				PRODUCT_BUNDLE_IDENTIFIER = cn.youxinger.SceneKitDemoUITests;
				PRODUCT_NAME = "$(TARGET_NAME)";
				TARGETED_DEVICE_FAMILY = "1,2";
				TEST_TARGET_NAME = SceneKitDemo;
			};
			name = Debug;
		};
		49343F96211D3309007FC853 /* Release */ = {
			isa = XCBuildConfiguration;
			buildSettings = {
				CODE_SIGN_STYLE = Automatic;
				INFOPLIST_FILE = SceneKitDemoUITests/Info.plist;
				LD_RUNPATH_SEARCH_PATHS = (
					"$(inherited)",
					"@executable_path/Frameworks",
					"@loader_path/Frameworks",
				);
				PRODUCT_BUNDLE_IDENTIFIER = cn.youxinger.SceneKitDemoUITests;
				PRODUCT_NAME = "$(TARGET_NAME)";
				TARGETED_DEVICE_FAMILY = "1,2";
				TEST_TARGET_NAME = SceneKitDemo;
			};
			name = Release;
		};
/* End XCBuildConfiguration section */

/* Begin XCConfigurationList section */
		49343F5D211D3309007FC853 /* Build configuration list for PBXProject "SceneKitDemo" */ = {
			isa = XCConfigurationList;
			buildConfigurations = (
				49343F8C211D3309007FC853 /* Debug */,
				49343F8D211D3309007FC853 /* Release */,
			);
			defaultConfigurationIsVisible = 0;
			defaultConfigurationName = Release;
		};
		49343F8E211D3309007FC853 /* Build configuration list for PBXNativeTarget "SceneKitDemo" */ = {
			isa = XCConfigurationList;
			buildConfigurations = (
				49343F8F211D3309007FC853 /* Debug */,
				49343F90211D3309007FC853 /* Release */,
			);
			defaultConfigurationIsVisible = 0;
			defaultConfigurationName = Release;
		};
		49343F91211D3309007FC853 /* Build configuration list for PBXNativeTarget "SceneKitDemoTests" */ = {
			isa = XCConfigurationList;
			buildConfigurations = (
				49343F92211D3309007FC853 /* Debug */,
				49343F93211D3309007FC853 /* Release */,
			);
			defaultConfigurationIsVisible = 0;
			defaultConfigurationName = Release;
		};
		49343F94211D3309007FC853 /* Build configuration list for PBXNativeTarget "SceneKitDemoUITests" */ = {
			isa = XCConfigurationList;
			buildConfigurations = (
				49343F95211D3309007FC853 /* Debug */,
				49343F96211D3309007FC853 /* Release */,
			);
			defaultConfigurationIsVisible = 0;
			defaultConfigurationName = Release;
		};
/* End XCConfigurationList section */
	};
	rootObject = 49343F5A211D3309007FC853 /* Project object */;
}
