// !$*UTF8*$!
{
	archiveVersion = 1;
	classes = {
	};
	objectVersion = 50;
	objects = {

/* Begin PBXBuildFile section */
		288D60C67D9389250D79088E /* libPods-SceneKitDemo.a in Frameworks */ = {isa = PBXBuildFile; fileRef = F428F17A1665366D261F22FE /* libPods-SceneKitDemo.a */; };
		490B94EC2122C39700C3D587 /* YXScanQRCodeController.m in Sources */ = {isa = PBXBuildFile; fileRef = 490B94EA2122C39700C3D587 /* YXScanQRCodeController.m */; };
		490B95182122CC4600C3D587 /* LBXPermissionMicrophone.m in Sources */ = {isa = PBXBuildFile; fileRef = 490B95022122CC4600C3D587 /* LBXPermissionMicrophone.m */; };
		490B95192122CC4600C3D587 /* LBXPermissionNetwork.m in Sources */ = {isa = PBXBuildFile; fileRef = 490B95032122CC4600C3D587 /* LBXPermissionNetwork.m */; };
		490B951A2122CC4600C3D587 /* LBXPermissionCalendar.m in Sources */ = {isa = PBXBuildFile; fileRef = 490B95042122CC4600C3D587 /* LBXPermissionCalendar.m */; };
		490B951B2122CC4600C3D587 /* LBXPermissionReminders.m in Sources */ = {isa = PBXBuildFile; fileRef = 490B95092122CC4600C3D587 /* LBXPermissionReminders.m */; };
		490B951C2122CC4600C3D587 /* LBXPermissionHealth.m in Sources */ = {isa = PBXBuildFile; fileRef = 490B950A2122CC4600C3D587 /* LBXPermissionHealth.m */; };
		490B951D2122CC4600C3D587 /* LBXPermissionSetting.m in Sources */ = {isa = PBXBuildFile; fileRef = 490B950B2122CC4600C3D587 /* LBXPermissionSetting.m */; };
		490B951E2122CC4600C3D587 /* LBXPermissionPhotos.m in Sources */ = {isa = PBXBuildFile; fileRef = 490B950C2122CC4600C3D587 /* LBXPermissionPhotos.m */; };
		490B951F2122CC4600C3D587 /* LBXPermissionLocation.m in Sources */ = {isa = PBXBuildFile; fileRef = 490B95102122CC4600C3D587 /* LBXPermissionLocation.m */; };
		490B95202122CC4600C3D587 /* LBXPermissionContacts.m in Sources */ = {isa = PBXBuildFile; fileRef = 490B95112122CC4600C3D587 /* LBXPermissionContacts.m */; };
		490B95212122CC4600C3D587 /* LBXPermissionCamera.m in Sources */ = {isa = PBXBuildFile; fileRef = 490B95122122CC4600C3D587 /* LBXPermissionCamera.m */; };
		490B95222122CC4600C3D587 /* LBXPermission.m in Sources */ = {isa = PBXBuildFile; fileRef = 490B95132122CC4600C3D587 /* LBXPermission.m */; };
		49343F67211D3309007FC853 /* AppDelegate.m in Sources */ = {isa = PBXBuildFile; fileRef = 49343F66211D3309007FC853 /* AppDelegate.m */; };
		49343F6A211D3309007FC853 /* ViewController.m in Sources */ = {isa = PBXBuildFile; fileRef = 49343F69211D3309007FC853 /* ViewController.m */; };
		49343F6D211D3309007FC853 /* Main.storyboard in Resources */ = {isa = PBXBuildFile; fileRef = 49343F6B211D3309007FC853 /* Main.storyboard */; };
		49343F6F211D3309007FC853 /* Assets.xcassets in Resources */ = {isa = PBXBuildFile; fileRef = 49343F6E211D3309007FC853 /* Assets.xcassets */; };
		49343F72211D3309007FC853 /* LaunchScreen.storyboard in Resources */ = {isa = PBXBuildFile; fileRef = 49343F70211D3309007FC853 /* LaunchScreen.storyboard */; };
		49343F75211D3309007FC853 /* main.m in Sources */ = {isa = PBXBuildFile; fileRef = 49343F74211D3309007FC853 /* main.m */; };
		49343F7F211D3309007FC853 /* SceneKitDemoTests.m in Sources */ = {isa = PBXBuildFile; fileRef = 49343F7E211D3309007FC853 /* SceneKitDemoTests.m */; };
		49343F8A211D3309007FC853 /* SceneKitDemoUITests.m in Sources */ = {isa = PBXBuildFile; fileRef = 49343F89211D3309007FC853 /* SceneKitDemoUITests.m */; };
		49343F98211D3329007FC853 /* man1.obj in Resources */ = {isa = PBXBuildFile; fileRef = 49343F97211D3329007FC853 /* man1.obj */; };
		4934408521229E09007FC853 /* SocketTool.m in Sources */ = {isa = PBXBuildFile; fileRef = 4934408421229E09007FC853 /* SocketTool.m */; };
		4934408F21229EC9007FC853 /* GCDAsyncUdpSocket.m in Sources */ = {isa = PBXBuildFile; fileRef = 4934408921229EC9007FC853 /* GCDAsyncUdpSocket.m */; };
		4934409021229EC9007FC853 /* GCDAsyncSocket.m in Sources */ = {isa = PBXBuildFile; fileRef = 4934408A21229EC9007FC853 /* GCDAsyncSocket.m */; };
		4934409121229EC9007FC853 /* README.markdown in Resources */ = {isa = PBXBuildFile; fileRef = 4934408D21229EC9007FC853 /* README.markdown */; };
		4934409221229EC9007FC853 /* LICENSE.txt in Resources */ = {isa = PBXBuildFile; fileRef = 4934408E21229EC9007FC853 /* LICENSE.txt */; };
		B611C7A4F2470B82502A02B0 /* libPods-SceneKitDemoTests.a in Frameworks */ = {isa = PBXBuildFile; fileRef = D01DFFBB22C0950227D6E720 /* libPods-SceneKitDemoTests.a */; };
		FCAA4386D5C4FDF36A01FDC8 /* libPods-SceneKitDemoUITests.a in Frameworks */ = {isa = PBXBuildFile; fileRef = 51E86EE64BD878D768D42A47 /* libPods-SceneKitDemoUITests.a */; };
/* End PBXBuildFile section */

/* Begin PBXContainerItemProxy section */
		49343F7B211D3309007FC853 /* PBXContainerItemProxy */ = {
			isa = PBXContainerItemProxy;
			containerPortal = 49343F5A211D3309007FC853 /* Project object */;
			proxyType = 1;
			remoteGlobalIDString = 49343F61211D3309007FC853;
			remoteInfo = SceneKitDemo;
		};
		49343F86211D3309007FC853 /* PBXContainerItemProxy */ = {
			isa = PBXContainerItemProxy;
			containerPortal = 49343F5A211D3309007FC853 /* Project object */;
			proxyType = 1;
			remoteGlobalIDString = 49343F61211D3309007FC853;
			remoteInfo = SceneKitDemo;
		};
/* End PBXContainerItemProxy section */

/* Begin PBXFileReference section */
		02037A7ED442F2B111414B6A /* Pods-SceneKitDemoTests.debug.xcconfig */ = {isa = PBXFileReference; includeInIndex = 1; lastKnownFileType = text.xcconfig; name = "Pods-SceneKitDemoTests.debug.xcconfig"; path = "Pods/Target Support Files/Pods-SceneKitDemoTests/Pods-SceneKitDemoTests.debug.xcconfig"; sourceTree = "<group>"; };
		490B94EA2122C39700C3D587 /* YXScanQRCodeController.m */ = {isa = PBXFileReference; fileEncoding = 4; lastKnownFileType = sourcecode.c.objc; path = YXScanQRCodeController.m; sourceTree = "<group>"; };
		490B94EB2122C39700C3D587 /* YXScanQRCodeController.h */ = {isa = PBXFileReference; fileEncoding = 4; lastKnownFileType = sourcecode.c.h; path = YXScanQRCodeController.h; sourceTree = "<group>"; };
		490B95022122CC4600C3D587 /* LBXPermissionMicrophone.m */ = {isa = PBXFileReference; fileEncoding = 4; lastKnownFileType = sourcecode.c.objc; path = LBXPermissionMicrophone.m; sourceTree = "<group>"; };
		490B95032122CC4600C3D587 /* LBXPermissionNetwork.m */ = {isa = PBXFileReference; fileEncoding = 4; lastKnownFileType = sourcecode.c.objc; path = LBXPermissionNetwork.m; sourceTree = "<group>"; };
		490B95042122CC4600C3D587 /* LBXPermissionCalendar.m */ = {isa = PBXFileReference; fileEncoding = 4; lastKnownFileType = sourcecode.c.objc; path = LBXPermissionCalendar.m; sourceTree = "<group>"; };
		490B95052122CC4600C3D587 /* LBXPermissionLocation.h */ = {isa = PBXFileReference; fileEncoding = 4; lastKnownFileType = sourcecode.c.h; path = LBXPermissionLocation.h; sourceTree = "<group>"; };
		490B95062122CC4600C3D587 /* LBXPermission.h */ = {isa = PBXFileReference; fileEncoding = 4; lastKnownFileType = sourcecode.c.h; path = LBXPermission.h; sourceTree = "<group>"; };
		490B95072122CC4600C3D587 /* LBXPermissionCamera.h */ = {isa = PBXFileReference; fileEncoding = 4; lastKnownFileType = sourcecode.c.h; path = LBXPermissionCamera.h; sourceTree = "<group>"; };
		490B95082122CC4600C3D587 /* LBXPermissionContacts.h */ = {isa = PBXFileReference; fileEncoding = 4; lastKnownFileType = sourcecode.c.h; path = LBXPermissionContacts.h; sourceTree = "<group>"; };
		490B95092122CC4600C3D587 /* LBXPermissionReminders.m */ = {isa = PBXFileReference; fileEncoding = 4; lastKnownFileType = sourcecode.c.objc; path = LBXPermissionReminders.m; sourceTree = "<group>"; };
		490B950A2122CC4600C3D587 /* LBXPermissionHealth.m */ = {isa = PBXFileReference; fileEncoding = 4; lastKnownFileType = sourcecode.c.objc; path = LBXPermissionHealth.m; sourceTree = "<group>"; };
		490B950B2122CC4600C3D587 /* LBXPermissionSetting.m */ = {isa = PBXFileReference; fileEncoding = 4; lastKnownFileType = sourcecode.c.objc; path = LBXPermissionSetting.m; sourceTree = "<group>"; };
		490B950C2122CC4600C3D587 /* LBXPermissionPhotos.m */ = {isa = PBXFileReference; fileEncoding = 4; lastKnownFileType = sourcecode.c.objc; path = LBXPermissionPhotos.m; sourceTree = "<group>"; };
		490B950D2122CC4600C3D587 /* LBXPermissionCalendar.h */ = {isa = PBXFileReference; fileEncoding = 4; lastKnownFileType = sourcecode.c.h; path = LBXPermissionCalendar.h; sourceTree = "<group>"; };
		490B950E2122CC4600C3D587 /* LBXPermissionNetwork.h */ = {isa = PBXFileReference; fileEncoding = 4; lastKnownFileType = sourcecode.c.h; path = LBXPermissionNetwork.h; sourceTree = "<group>"; };
		490B950F2122CC4600C3D587 /* LBXPermissionMicrophone.h */ = {isa = PBXFileReference; fileEncoding = 4; lastKnownFileType = sourcecode.c.h; path = LBXPermissionMicrophone.h; sourceTree = "<group>"; };
		490B95102122CC4600C3D587 /* LBXPermissionLocation.m */ = {isa = PBXFileReference; fileEncoding = 4; lastKnownFileType = sourcecode.c.objc; path = LBXPermissionLocation.m; sourceTree = "<group>"; };
		490B95112122CC4600C3D587 /* LBXPermissionContacts.m */ = {isa = PBXFileReference; fileEncoding = 4; lastKnownFileType = sourcecode.c.objc; path = LBXPermissionContacts.m; sourceTree = "<group>"; };
		490B95122122CC4600C3D587 /* LBXPermissionCamera.m */ = {isa = PBXFileReference; fileEncoding = 4; lastKnownFileType = sourcecode.c.objc; path = LBXPermissionCamera.m; sourceTree = "<group>"; };
		490B95132122CC4600C3D587 /* LBXPermission.m */ = {isa = PBXFileReference; fileEncoding = 4; lastKnownFileType = sourcecode.c.objc; path = LBXPermission.m; sourceTree = "<group>"; };
		490B95142122CC4600C3D587 /* LBXPermissionPhotos.h */ = {isa = PBXFileReference; fileEncoding = 4; lastKnownFileType = sourcecode.c.h; path = LBXPermissionPhotos.h; sourceTree = "<group>"; };
		490B95152122CC4600C3D587 /* LBXPermissionSetting.h */ = {isa = PBXFileReference; fileEncoding = 4; lastKnownFileType = sourcecode.c.h; path = LBXPermissionSetting.h; sourceTree = "<group>"; };
		490B95162122CC4600C3D587 /* LBXPermissionHealth.h */ = {isa = PBXFileReference; fileEncoding = 4; lastKnownFileType = sourcecode.c.h; path = LBXPermissionHealth.h; sourceTree = "<group>"; };
		490B95172122CC4600C3D587 /* LBXPermissionReminders.h */ = {isa = PBXFileReference; fileEncoding = 4; lastKnownFileType = sourcecode.c.h; path = LBXPermissionReminders.h; sourceTree = "<group>"; };
		490B95232122CCC200C3D587 /* Header.h */ = {isa = PBXFileReference; lastKnownFileType = sourcecode.c.h; path = Header.h; sourceTree = "<group>"; };
		49343F62211D3309007FC853 /* SceneKitDemo.app */ = {isa = PBXFileReference; explicitFileType = wrapper.application; includeInIndex = 0; path = SceneKitDemo.app; sourceTree = BUILT_PRODUCTS_DIR; };
		49343F65211D3309007FC853 /* AppDelegate.h */ = {isa = PBXFileReference; lastKnownFileType = sourcecode.c.h; path = AppDelegate.h; sourceTree = "<group>"; };
		49343F66211D3309007FC853 /* AppDelegate.m */ = {isa = PBXFileReference; lastKnownFileType = sourcecode.c.objc; path = AppDelegate.m; sourceTree = "<group>"; };
		49343F68211D3309007FC853 /* ViewController.h */ = {isa = PBXFileReference; lastKnownFileType = sourcecode.c.h; path = ViewController.h; sourceTree = "<group>"; };
		49343F69211D3309007FC853 /* ViewController.m */ = {isa = PBXFileReference; lastKnownFileType = sourcecode.c.objc; path = ViewController.m; sourceTree = "<group>"; };
		49343F6C211D3309007FC853 /* Base */ = {isa = PBXFileReference; lastKnownFileType = file.storyboard; name = Base; path = Base.lproj/Main.storyboard; sourceTree = "<group>"; };
		49343F6E211D3309007FC853 /* Assets.xcassets */ = {isa = PBXFileReference; lastKnownFileType = folder.assetcatalog; path = Assets.xcassets; sourceTree = "<group>"; };
		49343F71211D3309007FC853 /* Base */ = {isa = PBXFileReference; lastKnownFileType = file.storyboard; name = Base; path = Base.lproj/LaunchScreen.storyboard; sourceTree = "<group>"; };
		49343F73211D3309007FC853 /* Info.plist */ = {isa = PBXFileReference; lastKnownFileType = text.plist.xml; path = Info.plist; sourceTree = "<group>"; };
		49343F74211D3309007FC853 /* main.m */ = {isa = PBXFileReference; lastKnownFileType = sourcecode.c.objc; path = main.m; sourceTree = "<group>"; };
		49343F7A211D3309007FC853 /* SceneKitDemoTests.xctest */ = {isa = PBXFileReference; explicitFileType = wrapper.cfbundle; includeInIndex = 0; path = SceneKitDemoTests.xctest; sourceTree = BUILT_PRODUCTS_DIR; };
		49343F7E211D3309007FC853 /* SceneKitDemoTests.m */ = {isa = PBXFileReference; lastKnownFileType = sourcecode.c.objc; path = SceneKitDemoTests.m; sourceTree = "<group>"; };
		49343F80211D3309007FC853 /* Info.plist */ = {isa = PBXFileReference; lastKnownFileType = text.plist.xml; path = Info.plist; sourceTree = "<group>"; };
		49343F85211D3309007FC853 /* SceneKitDemoUITests.xctest */ = {isa = PBXFileReference; explicitFileType = wrapper.cfbundle; includeInIndex = 0; path = SceneKitDemoUITests.xctest; sourceTree = BUILT_PRODUCTS_DIR; };
		49343F89211D3309007FC853 /* SceneKitDemoUITests.m */ = {isa = PBXFileReference; lastKnownFileType = sourcecode.c.objc; path = SceneKitDemoUITests.m; sourceTree = "<group>"; };
		49343F8B211D3309007FC853 /* Info.plist */ = {isa = PBXFileReference; lastKnownFileType = text.plist.xml; path = Info.plist; sourceTree = "<group>"; };
		49343F97211D3329007FC853 /* man1.obj */ = {isa = PBXFileReference; fileEncoding = 4; lastKnownFileType = text; path = man1.obj; sourceTree = "<group>"; };
		4934408321229E09007FC853 /* SocketTool.h */ = {isa = PBXFileReference; lastKnownFileType = sourcecode.c.h; path = SocketTool.h; sourceTree = "<group>"; };
		4934408421229E09007FC853 /* SocketTool.m */ = {isa = PBXFileReference; lastKnownFileType = sourcecode.c.objc; path = SocketTool.m; sourceTree = "<group>"; };
		4934408921229EC9007FC853 /* GCDAsyncUdpSocket.m */ = {isa = PBXFileReference; fileEncoding = 4; lastKnownFileType = sourcecode.c.objc; path = GCDAsyncUdpSocket.m; sourceTree = "<group>"; };
		4934408A21229EC9007FC853 /* GCDAsyncSocket.m */ = {isa = PBXFileReference; fileEncoding = 4; lastKnownFileType = sourcecode.c.objc; path = GCDAsyncSocket.m; sourceTree = "<group>"; };
		4934408B21229EC9007FC853 /* GCDAsyncUdpSocket.h */ = {isa = PBXFileReference; fileEncoding = 4; lastKnownFileType = sourcecode.c.h; path = GCDAsyncUdpSocket.h; sourceTree = "<group>"; };
		4934408C21229EC9007FC853 /* GCDAsyncSocket.h */ = {isa = PBXFileReference; fileEncoding = 4; lastKnownFileType = sourcecode.c.h; path = GCDAsyncSocket.h; sourceTree = "<group>"; };
		4934408D21229EC9007FC853 /* README.markdown */ = {isa = PBXFileReference; fileEncoding = 4; lastKnownFileType = net.daringfireball.markdown; path = README.markdown; sourceTree = "<group>"; };
		4934408E21229EC9007FC853 /* LICENSE.txt */ = {isa = PBXFileReference; fileEncoding = 4; lastKnownFileType = text; path = LICENSE.txt; sourceTree = "<group>"; };
		51E86EE64BD878D768D42A47 /* libPods-SceneKitDemoUITests.a */ = {isa = PBXFileReference; explicitFileType = archive.ar; includeInIndex = 0; path = "libPods-SceneKitDemoUITests.a"; sourceTree = BUILT_PRODUCTS_DIR; };
		9015CF44FE0DBCFD3F9B94E4 /* Pods-SceneKitDemo.debug.xcconfig */ = {isa = PBXFileReference; includeInIndex = 1; lastKnownFileType = text.xcconfig; name = "Pods-SceneKitDemo.debug.xcconfig"; path = "Pods/Target Support Files/Pods-SceneKitDemo/Pods-SceneKitDemo.debug.xcconfig"; sourceTree = "<group>"; };
		A7CA7922CB31E84F282C888A /* Pods-SceneKitDemoTests.release.xcconfig */ = {isa = PBXFileReference; includeInIndex = 1; lastKnownFileType = text.xcconfig; name = "Pods-SceneKitDemoTests.release.xcconfig"; path = "Pods/Target Support Files/Pods-SceneKitDemoTests/Pods-SceneKitDemoTests.release.xcconfig"; sourceTree = "<group>"; };
		BD850BCE7B2A7EAEA16AE7E3 /* Pods-SceneKitDemoUITests.debug.xcconfig */ = {isa = PBXFileReference; includeInIndex = 1; lastKnownFileType = text.xcconfig; name = "Pods-SceneKitDemoUITests.debug.xcconfig"; path = "Pods/Target Support Files/Pods-SceneKitDemoUITests/Pods-SceneKitDemoUITests.debug.xcconfig"; sourceTree = "<group>"; };
		CABEC823FADF3E6C3EB18802 /* Pods-SceneKitDemoUITests.release.xcconfig */ = {isa = PBXFileReference; includeInIndex = 1; lastKnownFileType = text.xcconfig; name = "Pods-SceneKitDemoUITests.release.xcconfig"; path = "Pods/Target Support Files/Pods-SceneKitDemoUITests/Pods-SceneKitDemoUITests.release.xcconfig"; sourceTree = "<group>"; };
		D01DFFBB22C0950227D6E720 /* libPods-SceneKitDemoTests.a */ = {isa = PBXFileReference; explicitFileType = archive.ar; includeInIndex = 0; path = "libPods-SceneKitDemoTests.a"; sourceTree = BUILT_PRODUCTS_DIR; };
		DCDA709074E3E80DAAE1FC5B /* Pods-SceneKitDemo.release.xcconfig */ = {isa = PBXFileReference; includeInIndex = 1; lastKnownFileType = text.xcconfig; name = "Pods-SceneKitDemo.release.xcconfig"; path = "Pods/Target Support Files/Pods-SceneKitDemo/Pods-SceneKitDemo.release.xcconfig"; sourceTree = "<group>"; };
		F428F17A1665366D261F22FE /* libPods-SceneKitDemo.a */ = {isa = PBXFileReference; explicitFileType = archive.ar; includeInIndex = 0; path = "libPods-SceneKitDemo.a"; sourceTree = BUILT_PRODUCTS_DIR; };
/* End PBXFileReference section */

/* Begin PBXFrameworksBuildPhase section */
		49343F5F211D3309007FC853 /* Frameworks */ = {
			isa = PBXFrameworksBuildPhase;
			buildActionMask = 2147483647;
			files = (
				288D60C67D9389250D79088E /* libPods-SceneKitDemo.a in Frameworks */,
			);
			runOnlyForDeploymentPostprocessing = 0;
		};
		49343F77211D3309007FC853 /* Frameworks */ = {
			isa = PBXFrameworksBuildPhase;
			buildActionMask = 2147483647;
			files = (
				B611C7A4F2470B82502A02B0 /* libPods-SceneKitDemoTests.a in Frameworks */,
			);
			runOnlyForDeploymentPostprocessing = 0;
		};
		49343F82211D3309007FC853 /* Frameworks */ = {
			isa = PBXFrameworksBuildPhase;
			buildActionMask = 2147483647;
			files = (
				FCAA4386D5C4FDF36A01FDC8 /* libPods-SceneKitDemoUITests.a in Frameworks */,
			);
			runOnlyForDeploymentPostprocessing = 0;
		};
/* End PBXFrameworksBuildPhase section */

/* Begin PBXGroup section */
		399A2664FEF0C9AC19A2D95C /* Frameworks */ = {
			isa = PBXGroup;
			children = (
				49343F97211D3329007FC853 /* man1.obj */,
				49343F6B211D3309007FC853 /* Main.storyboard */,
				49343F6E211D3309007FC853 /* Assets.xcassets */,
				49343F70211D3309007FC853 /* LaunchScreen.storyboard */,
				49343F74211D3309007FC853 /* main.m */,
				F428F17A1665366D261F22FE /* libPods-SceneKitDemo.a */,
				D01DFFBB22C0950227D6E720 /* libPods-SceneKitDemoTests.a */,
				51E86EE64BD878D768D42A47 /* libPods-SceneKitDemoUITests.a */,
			);
			name = Frameworks;
			sourceTree = "<group>";
		};
		490B95012122CC4600C3D587 /* LBXPermissions */ = {
			isa = PBXGroup;
			children = (
				490B95022122CC4600C3D587 /* LBXPermissionMicrophone.m */,
				490B95032122CC4600C3D587 /* LBXPermissionNetwork.m */,
				490B95042122CC4600C3D587 /* LBXPermissionCalendar.m */,
				490B95052122CC4600C3D587 /* LBXPermissionLocation.h */,
				490B95062122CC4600C3D587 /* LBXPermission.h */,
				490B95072122CC4600C3D587 /* LBXPermissionCamera.h */,
				490B95082122CC4600C3D587 /* LBXPermissionContacts.h */,
				490B95092122CC4600C3D587 /* LBXPermissionReminders.m */,
				490B950A2122CC4600C3D587 /* LBXPermissionHealth.m */,
				490B950B2122CC4600C3D587 /* LBXPermissionSetting.m */,
				490B950C2122CC4600C3D587 /* LBXPermissionPhotos.m */,
				490B950D2122CC4600C3D587 /* LBXPermissionCalendar.h */,
				490B950E2122CC4600C3D587 /* LBXPermissionNetwork.h */,
				490B950F2122CC4600C3D587 /* LBXPermissionMicrophone.h */,
				490B95102122CC4600C3D587 /* LBXPermissionLocation.m */,
				490B95112122CC4600C3D587 /* LBXPermissionContacts.m */,
				490B95122122CC4600C3D587 /* LBXPermissionCamera.m */,
				490B95132122CC4600C3D587 /* LBXPermission.m */,
				490B95142122CC4600C3D587 /* LBXPermissionPhotos.h */,
				490B95152122CC4600C3D587 /* LBXPermissionSetting.h */,
				490B95162122CC4600C3D587 /* LBXPermissionHealth.h */,
				490B95172122CC4600C3D587 /* LBXPermissionReminders.h */,
			);
			path = LBXPermissions;
			sourceTree = "<group>";
		};
		49343F59211D3309007FC853 = {
			isa = PBXGroup;
			children = (
				49343F64211D3309007FC853 /* SceneKitDemo */,
				49343F7D211D3309007FC853 /* SceneKitDemoTests */,
				49343F88211D3309007FC853 /* SceneKitDemoUITests */,
				49343F63211D3309007FC853 /* Products */,
				DE5695735C469EEFB5BA3927 /* Pods */,
				399A2664FEF0C9AC19A2D95C /* Frameworks */,
			);
			sourceTree = "<group>";
		};
		49343F63211D3309007FC853 /* Products */ = {
			isa = PBXGroup;
			children = (
				49343F62211D3309007FC853 /* SceneKitDemo.app */,
				49343F7A211D3309007FC853 /* SceneKitDemoTests.xctest */,
				49343F85211D3309007FC853 /* SceneKitDemoUITests.xctest */,
			);
			name = Products;
			sourceTree = "<group>";
		};
		49343F64211D3309007FC853 /* SceneKitDemo */ = {
			isa = PBXGroup;
			children = (
				490B95012122CC4600C3D587 /* LBXPermissions */,
				4934408221229DD3007FC853 /* SocketTool */,
				490B94EB2122C39700C3D587 /* YXScanQRCodeController.h */,
				490B94EA2122C39700C3D587 /* YXScanQRCodeController.m */,
				49343F65211D3309007FC853 /* AppDelegate.h */,
				49343F66211D3309007FC853 /* AppDelegate.m */,
				49343F68211D3309007FC853 /* ViewController.h */,
				49343F69211D3309007FC853 /* ViewController.m */,
				490B95232122CCC200C3D587 /* Header.h */,
				49343F73211D3309007FC853 /* Info.plist */,
			);
			path = SceneKitDemo;
			sourceTree = "<group>";
		};
		49343F7D211D3309007FC853 /* SceneKitDemoTests */ = {
			isa = PBXGroup;
			children = (
				49343F7E211D3309007FC853 /* SceneKitDemoTests.m */,
				49343F80211D3309007FC853 /* Info.plist */,
			);
			path = SceneKitDemoTests;
			sourceTree = "<group>";
		};
		49343F88211D3309007FC853 /* SceneKitDemoUITests */ = {
			isa = PBXGroup;
			children = (
				49343F89211D3309007FC853 /* SceneKitDemoUITests.m */,
				49343F8B211D3309007FC853 /* Info.plist */,
			);
			path = SceneKitDemoUITests;
			sourceTree = "<group>";
		};
		4934408221229DD3007FC853 /* SocketTool */ = {
			isa = PBXGroup;
			children = (
				4934408621229EC9007FC853 /* CocoaAsyncSocket */,
				4934408321229E09007FC853 /* SocketTool.h */,
				4934408421229E09007FC853 /* SocketTool.m */,
			);
			path = SocketTool;
			sourceTree = "<group>";
		};
		4934408621229EC9007FC853 /* CocoaAsyncSocket */ = {
			isa = PBXGroup;
			children = (
				4934408721229EC9007FC853 /* Source */,
				4934408D21229EC9007FC853 /* README.markdown */,
				4934408E21229EC9007FC853 /* LICENSE.txt */,
			);
			path = CocoaAsyncSocket;
			sourceTree = "<group>";
		};
		4934408721229EC9007FC853 /* Source */ = {
			isa = PBXGroup;
			children = (
				4934408821229EC9007FC853 /* GCD */,
			);
			path = Source;
			sourceTree = "<group>";
		};
		4934408821229EC9007FC853 /* GCD */ = {
			isa = PBXGroup;
			children = (
				4934408921229EC9007FC853 /* GCDAsyncUdpSocket.m */,
				4934408A21229EC9007FC853 /* GCDAsyncSocket.m */,
				4934408B21229EC9007FC853 /* GCDAsyncUdpSocket.h */,
				4934408C21229EC9007FC853 /* GCDAsyncSocket.h */,
			);
			path = GCD;
			sourceTree = "<group>";
		};
		DE5695735C469EEFB5BA3927 /* Pods */ = {
			isa = PBXGroup;
			children = (
				9015CF44FE0DBCFD3F9B94E4 /* Pods-SceneKitDemo.debug.xcconfig */,
				DCDA709074E3E80DAAE1FC5B /* Pods-SceneKitDemo.release.xcconfig */,
				02037A7ED442F2B111414B6A /* Pods-SceneKitDemoTests.debug.xcconfig */,
				A7CA7922CB31E84F282C888A /* Pods-SceneKitDemoTests.release.xcconfig */,
				BD850BCE7B2A7EAEA16AE7E3 /* Pods-SceneKitDemoUITests.debug.xcconfig */,
				CABEC823FADF3E6C3EB18802 /* Pods-SceneKitDemoUITests.release.xcconfig */,
			);
			name = Pods;
			sourceTree = "<group>";
		};
/* End PBXGroup section */

/* Begin PBXNativeTarget section */
		49343F61211D3309007FC853 /* SceneKitDemo */ = {
			isa = PBXNativeTarget;
			buildConfigurationList = 49343F8E211D3309007FC853 /* Build configuration list for PBXNativeTarget "SceneKitDemo" */;
			buildPhases = (
				662DC1D8CCD55DE468FD063C /* [CP] Check Pods Manifest.lock */,
				49343F5E211D3309007FC853 /* Sources */,
				49343F5F211D3309007FC853 /* Frameworks */,
				49343F60211D3309007FC853 /* Resources */,
				A693C680E07C3D1C03AEF986 /* [CP] Copy Pods Resources */,
			);
			buildRules = (
			);
			dependencies = (
			);
			name = SceneKitDemo;
			productName = SceneKitDemo;
			productReference = 49343F62211D3309007FC853 /* SceneKitDemo.app */;
			productType = "com.apple.product-type.application";
		};
		49343F79211D3309007FC853 /* SceneKitDemoTests */ = {
			isa = PBXNativeTarget;
			buildConfigurationList = 49343F91211D3309007FC853 /* Build configuration list for PBXNativeTarget "SceneKitDemoTests" */;
			buildPhases = (
				269FB2A64759BB5E78E6C839 /* [CP] Check Pods Manifest.lock */,
				49343F76211D3309007FC853 /* Sources */,
				49343F77211D3309007FC853 /* Frameworks */,
				49343F78211D3309007FC853 /* Resources */,
			);
			buildRules = (
			);
			dependencies = (
				49343F7C211D3309007FC853 /* PBXTargetDependency */,
			);
			name = SceneKitDemoTests;
			productName = SceneKitDemoTests;
			productReference = 49343F7A211D3309007FC853 /* SceneKitDemoTests.xctest */;
			productType = "com.apple.product-type.bundle.unit-test";
		};
		49343F84211D3309007FC853 /* SceneKitDemoUITests */ = {
			isa = PBXNativeTarget;
			buildConfigurationList = 49343F94211D3309007FC853 /* Build configuration list for PBXNativeTarget "SceneKitDemoUITests" */;
			buildPhases = (
				202871CDE9711E26E20F6B18 /* [CP] Check Pods Manifest.lock */,
				49343F81211D3309007FC853 /* Sources */,
				49343F82211D3309007FC853 /* Frameworks */,
				49343F83211D3309007FC853 /* Resources */,
			);
			buildRules = (
			);
			dependencies = (
				49343F87211D3309007FC853 /* PBXTargetDependency */,
			);
			name = SceneKitDemoUITests;
			productName = SceneKitDemoUITests;
			productReference = 49343F85211D3309007FC853 /* SceneKitDemoUITests.xctest */;
			productType = "com.apple.product-type.bundle.ui-testing";
		};
/* End PBXNativeTarget section */

/* Begin PBXProject section */
		49343F5A211D3309007FC853 /* Project object */ = {
			isa = PBXProject;
			attributes = {
				LastUpgradeCheck = 0930;
				ORGANIZATIONNAME = "小华";
				TargetAttributes = {
					49343F61211D3309007FC853 = {
						CreatedOnToolsVersion = 9.3.1;
					};
					49343F79211D3309007FC853 = {
						CreatedOnToolsVersion = 9.3.1;
						TestTargetID = 49343F61211D3309007FC853;
					};
					49343F84211D3309007FC853 = {
						CreatedOnToolsVersion = 9.3.1;
						TestTargetID = 49343F61211D3309007FC853;
					};
				};
			};
			buildConfigurationList = 49343F5D211D3309007FC853 /* Build configuration list for PBXProject "SceneKitDemo" */;
			compatibilityVersion = "Xcode 9.3";
			developmentRegion = en;
			hasScannedForEncodings = 0;
			knownRegions = (
				en,
				Base,
				"zh-Hans",
			);
			mainGroup = 49343F59211D3309007FC853;
			productRefGroup = 49343F63211D3309007FC853 /* Products */;
			projectDirPath = "";
			projectRoot = "";
			targets = (
				49343F61211D3309007FC853 /* SceneKitDemo */,
				49343F79211D3309007FC853 /* SceneKitDemoTests */,
				49343F84211D3309007FC853 /* SceneKitDemoUITests */,
			);
		};
/* End PBXProject section */

/* Begin PBXResourcesBuildPhase section */
		49343F60211D3309007FC853 /* Resources */ = {
			isa = PBXResourcesBuildPhase;
			buildActionMask = 2147483647;
			files = (
				4934409221229EC9007FC853 /* LICENSE.txt in Resources */,
				49343F72211D3309007FC853 /* LaunchScreen.storyboard in Resources */,
				4934409121229EC9007FC853 /* README.markdown in Resources */,
				49343F6F211D3309007FC853 /* Assets.xcassets in Resources */,
				49343F98211D3329007FC853 /* man1.obj in Resources */,
				49343F6D211D3309007FC853 /* Main.storyboard in Resources */,
			);
			runOnlyForDeploymentPostprocessing = 0;
		};
		49343F78211D3309007FC853 /* Resources */ = {
			isa = PBXResourcesBuildPhase;
			buildActionMask = 2147483647;
			files = (
			);
			runOnlyForDeploymentPostprocessing = 0;
		};
		49343F83211D3309007FC853 /* Resources */ = {
			isa = PBXResourcesBuildPhase;
			buildActionMask = 2147483647;
			files = (
			);
			runOnlyForDeploymentPostprocessing = 0;
		};
/* End PBXResourcesBuildPhase section */

/* Begin PBXShellScriptBuildPhase section */
		202871CDE9711E26E20F6B18 /* [CP] Check Pods Manifest.lock */ = {
			isa = PBXShellScriptBuildPhase;
			buildActionMask = 2147483647;
			files = (
			);
			inputPaths = (
				"${PODS_PODFILE_DIR_PATH}/Podfile.lock",
				"${PODS_ROOT}/Manifest.lock",
			);
			name = "[CP] Check Pods Manifest.lock";
			outputPaths = (
				"$(DERIVED_FILE_DIR)/Pods-SceneKitDemoUITests-checkManifestLockResult.txt",
			);
			runOnlyForDeploymentPostprocessing = 0;
			shellPath = /bin/sh;
			shellScript = "diff \"${PODS_PODFILE_DIR_PATH}/Podfile.lock\" \"${PODS_ROOT}/Manifest.lock\" > /dev/null\nif [ $? != 0 ] ; then\n    # print error to STDERR\n    echo \"error: The sandbox is not in sync with the Podfile.lock. Run 'pod install' or update your CocoaPods installation.\" >&2\n    exit 1\nfi\n# This output is used by Xcode 'outputs' to avoid re-running this script phase.\necho \"SUCCESS\" > \"${SCRIPT_OUTPUT_FILE_0}\"\n";
			showEnvVarsInLog = 0;
		};
		269FB2A64759BB5E78E6C839 /* [CP] Check Pods Manifest.lock */ = {
			isa = PBXShellScriptBuildPhase;
			buildActionMask = 2147483647;
			files = (
			);
			inputPaths = (
				"${PODS_PODFILE_DIR_PATH}/Podfile.lock",
				"${PODS_ROOT}/Manifest.lock",
			);
			name = "[CP] Check Pods Manifest.lock";
			outputPaths = (
				"$(DERIVED_FILE_DIR)/Pods-SceneKitDemoTests-checkManifestLockResult.txt",
			);
			runOnlyForDeploymentPostprocessing = 0;
			shellPath = /bin/sh;
			shellScript = "diff \"${PODS_PODFILE_DIR_PATH}/Podfile.lock\" \"${PODS_ROOT}/Manifest.lock\" > /dev/null\nif [ $? != 0 ] ; then\n    # print error to STDERR\n    echo \"error: The sandbox is not in sync with the Podfile.lock. Run 'pod install' or update your CocoaPods installation.\" >&2\n    exit 1\nfi\n# This output is used by Xcode 'outputs' to avoid re-running this script phase.\necho \"SUCCESS\" > \"${SCRIPT_OUTPUT_FILE_0}\"\n";
			showEnvVarsInLog = 0;
		};
		662DC1D8CCD55DE468FD063C /* [CP] Check Pods Manifest.lock */ = {
			isa = PBXShellScriptBuildPhase;
			buildActionMask = 2147483647;
			files = (
			);
			inputPaths = (
				"${PODS_PODFILE_DIR_PATH}/Podfile.lock",
				"${PODS_ROOT}/Manifest.lock",
			);
			name = "[CP] Check Pods Manifest.lock";
			outputPaths = (
				"$(DERIVED_FILE_DIR)/Pods-SceneKitDemo-checkManifestLockResult.txt",
			);
			runOnlyForDeploymentPostprocessing = 0;
			shellPath = /bin/sh;
			shellScript = "diff \"${PODS_PODFILE_DIR_PATH}/Podfile.lock\" \"${PODS_ROOT}/Manifest.lock\" > /dev/null\nif [ $? != 0 ] ; then\n    # print error to STDERR\n    echo \"error: The sandbox is not in sync with the Podfile.lock. Run 'pod install' or update your CocoaPods installation.\" >&2\n    exit 1\nfi\n# This output is used by Xcode 'outputs' to avoid re-running this script phase.\necho \"SUCCESS\" > \"${SCRIPT_OUTPUT_FILE_0}\"\n";
			showEnvVarsInLog = 0;
		};
		A693C680E07C3D1C03AEF986 /* [CP] Copy Pods Resources */ = {
			isa = PBXShellScriptBuildPhase;
			buildActionMask = 2147483647;
			files = (
			);
			inputPaths = (
				"${SRCROOT}/Pods/Target Support Files/Pods-SceneKitDemo/Pods-SceneKitDemo-resources.sh",
				"${PODS_ROOT}/LBXScan/LBXScan/UI/CodeScan.bundle",
				"${PODS_ROOT}/ZBarSDK/iphone/res/zbar-back.png",
				"${PODS_ROOT}/ZBarSDK/iphone/res/zbar-help.html",
				"${PODS_ROOT}/ZBarSDK/iphone/res/zbar-helpicons.png",
				"${PODS_ROOT}/ZBarSDK/iphone/res/zbar-samples.png",
			);
			name = "[CP] Copy Pods Resources";
			outputPaths = (
				"${TARGET_BUILD_DIR}/${UNLOCALIZED_RESOURCES_FOLDER_PATH}/CodeScan.bundle",
				"${TARGET_BUILD_DIR}/${UNLOCALIZED_RESOURCES_FOLDER_PATH}/zbar-back.png",
				"${TARGET_BUILD_DIR}/${UNLOCALIZED_RESOURCES_FOLDER_PATH}/zbar-help.html",
				"${TARGET_BUILD_DIR}/${UNLOCALIZED_RESOURCES_FOLDER_PATH}/zbar-helpicons.png",
				"${TARGET_BUILD_DIR}/${UNLOCALIZED_RESOURCES_FOLDER_PATH}/zbar-samples.png",
			);
			runOnlyForDeploymentPostprocessing = 0;
			shellPath = /bin/sh;
			shellScript = "\"${SRCROOT}/Pods/Target Support Files/Pods-SceneKitDemo/Pods-SceneKitDemo-resources.sh\"\n";
			showEnvVarsInLog = 0;
		};
/* End PBXShellScriptBuildPhase section */

/* Begin PBXSourcesBuildPhase section */
		49343F5E211D3309007FC853 /* Sources */ = {
			isa = PBXSourcesBuildPhase;
			buildActionMask = 2147483647;
			files = (
				490B95202122CC4600C3D587 /* LBXPermissionContacts.m in Sources */,
				490B95222122CC4600C3D587 /* LBXPermission.m in Sources */,
				4934409021229EC9007FC853 /* GCDAsyncSocket.m in Sources */,
				490B951D2122CC4600C3D587 /* LBXPermissionSetting.m in Sources */,
				490B951C2122CC4600C3D587 /* LBXPermissionHealth.m in Sources */,
				49343F6A211D3309007FC853 /* ViewController.m in Sources */,
				490B951E2122CC4600C3D587 /* LBXPermissionPhotos.m in Sources */,
				490B951B2122CC4600C3D587 /* LBXPermissionReminders.m in Sources */,
				490B94EC2122C39700C3D587 /* YXScanQRCodeController.m in Sources */,
				490B95212122CC4600C3D587 /* LBXPermissionCamera.m in Sources */,
				4934408F21229EC9007FC853 /* GCDAsyncUdpSocket.m in Sources */,
				49343F75211D3309007FC853 /* main.m in Sources */,
				490B95192122CC4600C3D587 /* LBXPermissionNetwork.m in Sources */,
				4934408521229E09007FC853 /* SocketTool.m in Sources */,
				49343F67211D3309007FC853 /* AppDelegate.m in Sources */,
				490B95182122CC4600C3D587 /* LBXPermissionMicrophone.m in Sources */,
				490B951F2122CC4600C3D587 /* LBXPermissionLocation.m in Sources */,
				490B951A2122CC4600C3D587 /* LBXPermissionCalendar.m in Sources */,
			);
			runOnlyForDeploymentPostprocessing = 0;
		};
		49343F76211D3309007FC853 /* Sources */ = {
			isa = PBXSourcesBuildPhase;
			buildActionMask = 2147483647;
			files = (
				49343F7F211D3309007FC853 /* SceneKitDemoTests.m in Sources */,
			);
			runOnlyForDeploymentPostprocessing = 0;
		};
		49343F81211D3309007FC853 /* Sources */ = {
			isa = PBXSourcesBuildPhase;
			buildActionMask = 2147483647;
			files = (
				49343F8A211D3309007FC853 /* SceneKitDemoUITests.m in Sources */,
			);
			runOnlyForDeploymentPostprocessing = 0;
		};
/* End PBXSourcesBuildPhase section */

/* Begin PBXTargetDependency section */
		49343F7C211D3309007FC853 /* PBXTargetDependency */ = {
			isa = PBXTargetDependency;
			target = 49343F61211D3309007FC853 /* SceneKitDemo */;
			targetProxy = 49343F7B211D3309007FC853 /* PBXContainerItemProxy */;
		};
		49343F87211D3309007FC853 /* PBXTargetDependency */ = {
			isa = PBXTargetDependency;
			target = 49343F61211D3309007FC853 /* SceneKitDemo */;
			targetProxy = 49343F86211D3309007FC853 /* PBXContainerItemProxy */;
		};
/* End PBXTargetDependency section */

/* Begin PBXVariantGroup section */
		49343F6B211D3309007FC853 /* Main.storyboard */ = {
			isa = PBXVariantGroup;
			children = (
				49343F6C211D3309007FC853 /* Base */,
			);
			name = Main.storyboard;
			sourceTree = "<group>";
		};
		49343F70211D3309007FC853 /* LaunchScreen.storyboard */ = {
			isa = PBXVariantGroup;
			children = (
				49343F71211D3309007FC853 /* Base */,
			);
			name = LaunchScreen.storyboard;
			sourceTree = "<group>";
		};
/* End PBXVariantGroup section */

/* Begin XCBuildConfiguration section */
		49343F8C211D3309007FC853 /* Debug */ = {
			isa = XCBuildConfiguration;
			buildSettings = {
				ALWAYS_SEARCH_USER_PATHS = NO;
				CLANG_ANALYZER_NONNULL = YES;
				CLANG_ANALYZER_NUMBER_OBJECT_CONVERSION = YES_AGGRESSIVE;
				CLANG_CXX_LANGUAGE_STANDARD = "gnu++14";
				CLANG_CXX_LIBRARY = "libc++";
				CLANG_ENABLE_MODULES = YES;
				CLANG_ENABLE_OBJC_ARC = YES;
				CLANG_ENABLE_OBJC_WEAK = YES;
				CLANG_WARN_BLOCK_CAPTURE_AUTORELEASING = YES;
				CLANG_WARN_BOOL_CONVERSION = YES;
				CLANG_WARN_COMMA = YES;
				CLANG_WARN_CONSTANT_CONVERSION = YES;
				CLANG_WARN_DEPRECATED_OBJC_IMPLEMENTATIONS = YES;
				CLANG_WARN_DIRECT_OBJC_ISA_USAGE = YES_ERROR;
				CLANG_WARN_DOCUMENTATION_COMMENTS = YES;
				CLANG_WARN_EMPTY_BODY = YES;
				CLANG_WARN_ENUM_CONVERSION = YES;
				CLANG_WARN_INFINITE_RECURSION = YES;
				CLANG_WARN_INT_CONVERSION = YES;
				CLANG_WARN_NON_LITERAL_NULL_CONVERSION = YES;
				CLANG_WARN_OBJC_IMPLICIT_RETAIN_SELF = YES;
				CLANG_WARN_OBJC_LITERAL_CONVERSION = YES;
				CLANG_WARN_OBJC_ROOT_CLASS = YES_ERROR;
				CLANG_WARN_RANGE_LOOP_ANALYSIS = YES;
				CLANG_WARN_STRICT_PROTOTYPES = YES;
				CLANG_WARN_SUSPICIOUS_MOVE = YES;
				CLANG_WARN_UNGUARDED_AVAILABILITY = YES_AGGRESSIVE;
				CLANG_WARN_UNREACHABLE_CODE = YES;
				CLANG_WARN__DUPLICATE_METHOD_MATCH = YES;
				CODE_SIGN_IDENTITY = "iPhone Developer";
				COPY_PHASE_STRIP = NO;
				DEBUG_INFORMATION_FORMAT = dwarf;
				ENABLE_STRICT_OBJC_MSGSEND = YES;
				ENABLE_TESTABILITY = YES;
				GCC_C_LANGUAGE_STANDARD = gnu11;
				GCC_DYNAMIC_NO_PIC = NO;
				GCC_NO_COMMON_BLOCKS = YES;
				GCC_OPTIMIZATION_LEVEL = 0;
				GCC_PREPROCESSOR_DEFINITIONS = (
					"DEBUG=1",
					"$(inherited)",
				);
				GCC_WARN_64_TO_32_BIT_CONVERSION = YES;
				GCC_WARN_ABOUT_RETURN_TYPE = YES_ERROR;
				GCC_WARN_UNDECLARED_SELECTOR = YES;
				GCC_WARN_UNINITIALIZED_AUTOS = YES_AGGRESSIVE;
				GCC_WARN_UNUSED_FUNCTION = YES;
				GCC_WARN_UNUSED_VARIABLE = YES;
				IPHONEOS_DEPLOYMENT_TARGET = 11.3;
				MTL_ENABLE_DEBUG_INFO = YES;
				ONLY_ACTIVE_ARCH = YES;
				SDKROOT = iphoneos;
			};
			name = Debug;
		};
		49343F8D211D3309007FC853 /* Release */ = {
			isa = XCBuildConfiguration;
			buildSettings = {
				ALWAYS_SEARCH_USER_PATHS = NO;
				CLANG_ANALYZER_NONNULL = YES;
				CLANG_ANALYZER_NUMBER_OBJECT_CONVERSION = YES_AGGRESSIVE;
				CLANG_CXX_LANGUAGE_STANDARD = "gnu++14";
				CLANG_CXX_LIBRARY = "libc++";
				CLANG_ENABLE_MODULES = YES;
				CLANG_ENABLE_OBJC_ARC = YES;
				CLANG_ENABLE_OBJC_WEAK = YES;
				CLANG_WARN_BLOCK_CAPTURE_AUTORELEASING = YES;
				CLANG_WARN_BOOL_CONVERSION = YES;
				CLANG_WARN_COMMA = YES;
				CLANG_WARN_CONSTANT_CONVERSION = YES;
				CLANG_WARN_DEPRECATED_OBJC_IMPLEMENTATIONS = YES;
				CLANG_WARN_DIRECT_OBJC_ISA_USAGE = YES_ERROR;
				CLANG_WARN_DOCUMENTATION_COMMENTS = YES;
				CLANG_WARN_EMPTY_BODY = YES;
				CLANG_WARN_ENUM_CONVERSION = YES;
				CLANG_WARN_INFINITE_RECURSION = YES;
				CLANG_WARN_INT_CONVERSION = YES;
				CLANG_WARN_NON_LITERAL_NULL_CONVERSION = YES;
				CLANG_WARN_OBJC_IMPLICIT_RETAIN_SELF = YES;
				CLANG_WARN_OBJC_LITERAL_CONVERSION = YES;
				CLANG_WARN_OBJC_ROOT_CLASS = YES_ERROR;
				CLANG_WARN_RANGE_LOOP_ANALYSIS = YES;
				CLANG_WARN_STRICT_PROTOTYPES = YES;
				CLANG_WARN_SUSPICIOUS_MOVE = YES;
				CLANG_WARN_UNGUARDED_AVAILABILITY = YES_AGGRESSIVE;
				CLANG_WARN_UNREACHABLE_CODE = YES;
				CLANG_WARN__DUPLICATE_METHOD_MATCH = YES;
				CODE_SIGN_IDENTITY = "iPhone Developer";
				COPY_PHASE_STRIP = NO;
				DEBUG_INFORMATION_FORMAT = "dwarf-with-dsym";
				ENABLE_NS_ASSERTIONS = NO;
				ENABLE_STRICT_OBJC_MSGSEND = YES;
				GCC_C_LANGUAGE_STANDARD = gnu11;
				GCC_NO_COMMON_BLOCKS = YES;
				GCC_WARN_64_TO_32_BIT_CONVERSION = YES;
				GCC_WARN_ABOUT_RETURN_TYPE = YES_ERROR;
				GCC_WARN_UNDECLARED_SELECTOR = YES;
				GCC_WARN_UNINITIALIZED_AUTOS = YES_AGGRESSIVE;
				GCC_WARN_UNUSED_FUNCTION = YES;
				GCC_WARN_UNUSED_VARIABLE = YES;
				IPHONEOS_DEPLOYMENT_TARGET = 11.3;
				MTL_ENABLE_DEBUG_INFO = NO;
				SDKROOT = iphoneos;
				VALIDATE_PRODUCT = YES;
			};
			name = Release;
		};
		49343F8F211D3309007FC853 /* Debug */ = {
			isa = XCBuildConfiguration;
			baseConfigurationReference = 9015CF44FE0DBCFD3F9B94E4 /* Pods-SceneKitDemo.debug.xcconfig */;
			buildSettings = {
				ASSETCATALOG_COMPILER_APPICON_NAME = AppIcon;
				CODE_SIGN_STYLE = Automatic;
				DEVELOPMENT_TEAM = APWQ5L9FQ3;
				GCC_INCREASE_PRECOMPILED_HEADER_SHARING = NO;
				GCC_PRECOMPILE_PREFIX_HEADER = NO;
				INFOPLIST_FILE = SceneKitDemo/Info.plist;
				IPHONEOS_DEPLOYMENT_TARGET = 9.3;
				LD_RUNPATH_SEARCH_PATHS = (
					"$(inherited)",
					"@executable_path/Frameworks",
				);
				PRODUCT_BUNDLE_IDENTIFIER = cn.youxinger.SceneKitDemo;
				PRODUCT_NAME = "$(TARGET_NAME)";
				TARGETED_DEVICE_FAMILY = "1,2";
			};
			name = Debug;
		};
		49343F90211D3309007FC853 /* Release */ = {
			isa = XCBuildConfiguration;
			baseConfigurationReference = DCDA709074E3E80DAAE1FC5B /* Pods-SceneKitDemo.release.xcconfig */;
			buildSettings = {
				ASSETCATALOG_COMPILER_APPICON_NAME = AppIcon;
				CODE_SIGN_STYLE = Automatic;
				DEVELOPMENT_TEAM = APWQ5L9FQ3;
				GCC_INCREASE_PRECOMPILED_HEADER_SHARING = NO;
				GCC_PRECOMPILE_PREFIX_HEADER = NO;
				INFOPLIST_FILE = SceneKitDemo/Info.plist;
				IPHONEOS_DEPLOYMENT_TARGET = 9.3;
				LD_RUNPATH_SEARCH_PATHS = (
					"$(inherited)",
					"@executable_path/Frameworks",
				);
				PRODUCT_BUNDLE_IDENTIFIER = cn.youxinger.SceneKitDemo;
				PRODUCT_NAME = "$(TARGET_NAME)";
				TARGETED_DEVICE_FAMILY = "1,2";
			};
			name = Release;
		};
		49343F92211D3309007FC853 /* Debug */ = {
			isa = XCBuildConfiguration;
			baseConfigurationReference = 02037A7ED442F2B111414B6A /* Pods-SceneKitDemoTests.debug.xcconfig */;
			buildSettings = {
				BUNDLE_LOADER = "$(TEST_HOST)";
				CODE_SIGN_STYLE = Automatic;
				INFOPLIST_FILE = SceneKitDemoTests/Info.plist;
				LD_RUNPATH_SEARCH_PATHS = (
					"$(inherited)",
					"@executable_path/Frameworks",
					"@loader_path/Frameworks",
				);
				PRODUCT_BUNDLE_IDENTIFIER = cn.youxinger.SceneKitDemoTests;
				PRODUCT_NAME = "$(TARGET_NAME)";
				TARGETED_DEVICE_FAMILY = "1,2";
				TEST_HOST = "$(BUILT_PRODUCTS_DIR)/SceneKitDemo.app/SceneKitDemo";
			};
			name = Debug;
		};
		49343F93211D3309007FC853 /* Release */ = {
			isa = XCBuildConfiguration;
			baseConfigurationReference = A7CA7922CB31E84F282C888A /* Pods-SceneKitDemoTests.release.xcconfig */;
			buildSettings = {
				BUNDLE_LOADER = "$(TEST_HOST)";
				CODE_SIGN_STYLE = Automatic;
				INFOPLIST_FILE = SceneKitDemoTests/Info.plist;
				LD_RUNPATH_SEARCH_PATHS = (
					"$(inherited)",
					"@executable_path/Frameworks",
					"@loader_path/Frameworks",
				);
				PRODUCT_BUNDLE_IDENTIFIER = cn.youxinger.SceneKitDemoTests;
				PRODUCT_NAME = "$(TARGET_NAME)";
				TARGETED_DEVICE_FAMILY = "1,2";
				TEST_HOST = "$(BUILT_PRODUCTS_DIR)/SceneKitDemo.app/SceneKitDemo";
			};
			name = Release;
		};
		49343F95211D3309007FC853 /* Debug */ = {
			isa = XCBuildConfiguration;
			baseConfigurationReference = BD850BCE7B2A7EAEA16AE7E3 /* Pods-SceneKitDemoUITests.debug.xcconfig */;
			buildSettings = {
				CODE_SIGN_STYLE = Automatic;
				INFOPLIST_FILE = SceneKitDemoUITests/Info.plist;
				LD_RUNPATH_SEARCH_PATHS = (
					"$(inherited)",
					"@executable_path/Frameworks",
					"@loader_path/Frameworks",
				);
				PRODUCT_BUNDLE_IDENTIFIER = cn.youxinger.SceneKitDemoUITests;
				PRODUCT_NAME = "$(TARGET_NAME)";
				TARGETED_DEVICE_FAMILY = "1,2";
				TEST_TARGET_NAME = SceneKitDemo;
			};
			name = Debug;
		};
		49343F96211D3309007FC853 /* Release */ = {
			isa = XCBuildConfiguration;
			baseConfigurationReference = CABEC823FADF3E6C3EB18802 /* Pods-SceneKitDemoUITests.release.xcconfig */;
			buildSettings = {
				CODE_SIGN_STYLE = Automatic;
				INFOPLIST_FILE = SceneKitDemoUITests/Info.plist;
				LD_RUNPATH_SEARCH_PATHS = (
					"$(inherited)",
					"@executable_path/Frameworks",
					"@loader_path/Frameworks",
				);
				PRODUCT_BUNDLE_IDENTIFIER = cn.youxinger.SceneKitDemoUITests;
				PRODUCT_NAME = "$(TARGET_NAME)";
				TARGETED_DEVICE_FAMILY = "1,2";
				TEST_TARGET_NAME = SceneKitDemo;
			};
			name = Release;
		};
/* End XCBuildConfiguration section */

/* Begin XCConfigurationList section */
		49343F5D211D3309007FC853 /* Build configuration list for PBXProject "SceneKitDemo" */ = {
			isa = XCConfigurationList;
			buildConfigurations = (
				49343F8C211D3309007FC853 /* Debug */,
				49343F8D211D3309007FC853 /* Release */,
			);
			defaultConfigurationIsVisible = 0;
			defaultConfigurationName = Release;
		};
		49343F8E211D3309007FC853 /* Build configuration list for PBXNativeTarget "SceneKitDemo" */ = {
			isa = XCConfigurationList;
			buildConfigurations = (
				49343F8F211D3309007FC853 /* Debug */,
				49343F90211D3309007FC853 /* Release */,
			);
			defaultConfigurationIsVisible = 0;
			defaultConfigurationName = Release;
		};
		49343F91211D3309007FC853 /* Build configuration list for PBXNativeTarget "SceneKitDemoTests" */ = {
			isa = XCConfigurationList;
			buildConfigurations = (
				49343F92211D3309007FC853 /* Debug */,
				49343F93211D3309007FC853 /* Release */,
			);
			defaultConfigurationIsVisible = 0;
			defaultConfigurationName = Release;
		};
		49343F94211D3309007FC853 /* Build configuration list for PBXNativeTarget "SceneKitDemoUITests" */ = {
			isa = XCConfigurationList;
			buildConfigurations = (
				49343F95211D3309007FC853 /* Debug */,
				49343F96211D3309007FC853 /* Release */,
			);
			defaultConfigurationIsVisible = 0;
			defaultConfigurationName = Release;
		};
/* End XCConfigurationList section */
	};
	rootObject = 49343F5A211D3309007FC853 /* Project object */;
}
